
Microsoft Visual Studio Solution File, Format Version 12.00
# Visual Studio 2013
VisualStudioVersion = 12.0.30723.0
MinimumVisualStudioVersion = 10.0.40219.1
Project("{FAE04EC0-301F-11D3-BF4B-00C04F79EFBC}") = "NiouBusEngine", "NiouBusEngine\NiouBusEngine.csproj", "{4F5F8906-C06B-4465-BBF5-2B359C52CE2A}"
EndProject
Project("{FAE04EC0-301F-11D3-BF4B-00C04F79EFBC}") = "NiouBusW8", "NiouBusW8\NiouBusW8.csproj", "{E2D47365-00C4-4521-82AD-C1C96D042006}"
EndProject
Project("{FAE04EC0-301F-11D3-BF4B-00C04F79EFBC}") = "NiouBusWP8", "NiouBusWP8\NiouBusWP8.csproj", "{5BD522CC-A226-4AD2-985A-215EC0883C49}"
EndProject
Global
	GlobalSection(SolutionConfigurationPlatforms) = preSolution
		Debug|Any CPU = Debug|Any CPU
		Debug|ARM = Debug|ARM
		Debug|x64 = Debug|x64
		Debug|x86 = Debug|x86
		Release|Any CPU = Release|Any CPU
		Release|ARM = Release|ARM
		Release|x64 = Release|x64
		Release|x86 = Release|x86
	EndGlobalSection
	GlobalSection(ProjectConfigurationPlatforms) = postSolution
		{4F5F8906-C06B-4465-BBF5-2B359C52CE2A}.Debug|Any CPU.ActiveCfg = Debug|Any CPU
		{4F5F8906-C06B-4465-BBF5-2B359C52CE2A}.Debug|Any CPU.Build.0 = Debug|Any CPU
		{4F5F8906-C06B-4465-BBF5-2B359C52CE2A}.Debug|ARM.ActiveCfg = Debug|Any CPU
		{4F5F8906-C06B-4465-BBF5-2B359C52CE2A}.Debug|x64.ActiveCfg = Debug|Any CPU
		{4F5F8906-C06B-4465-BBF5-2B359C52CE2A}.Debug|x86.ActiveCfg = Debug|Any CPU
		{4F5F8906-C06B-4465-BBF5-2B359C52CE2A}.Release|Any CPU.ActiveCfg = Release|Any CPU
		{4F5F8906-C06B-4465-BBF5-2B359C52CE2A}.Release|Any CPU.Build.0 = Release|Any CPU
		{4F5F8906-C06B-4465-BBF5-2B359C52CE2A}.Release|ARM.ActiveCfg = Release|Any CPU
		{4F5F8906-C06B-4465-BBF5-2B359C52CE2A}.Release|x64.ActiveCfg = Release|Any CPU
		{4F5F8906-C06B-4465-BBF5-2B359C52CE2A}.Release|x86.ActiveCfg = Release|Any CPU
		{E2D47365-00C4-4521-82AD-C1C96D042006}.Debug|Any CPU.ActiveCfg = Debug|Any CPU
		{E2D47365-00C4-4521-82AD-C1C96D042006}.Debug|Any CPU.Build.0 = Debug|Any CPU
		{E2D47365-00C4-4521-82AD-C1C96D042006}.Debug|Any CPU.Deploy.0 = Debug|Any CPU
		{E2D47365-00C4-4521-82AD-C1C96D042006}.Debug|ARM.ActiveCfg = Debug|ARM
		{E2D47365-00C4-4521-82AD-C1C96D042006}.Debug|ARM.Build.0 = Debug|ARM
		{E2D47365-00C4-4521-82AD-C1C96D042006}.Debug|ARM.Deploy.0 = Debug|ARM
		{E2D47365-00C4-4521-82AD-C1C96D042006}.Debug|x64.ActiveCfg = Debug|x64
		{E2D47365-00C4-4521-82AD-C1C96D042006}.Debug|x64.Build.0 = Debug|x64
		{E2D47365-00C4-4521-82AD-C1C96D042006}.Debug|x64.Deploy.0 = Debug|x64
		{E2D47365-00C4-4521-82AD-C1C96D042006}.Debug|x86.ActiveCfg = Debug|x86
		{E2D47365-00C4-4521-82AD-C1C96D042006}.Debug|x86.Build.0 = Debug|x86
		{E2D47365-00C4-4521-82AD-C1C96D042006}.Debug|x86.Deploy.0 = Debug|x86
		{E2D47365-00C4-4521-82AD-C1C96D042006}.Release|Any CPU.ActiveCfg = Release|Any CPU
		{E2D47365-00C4-4521-82AD-C1C96D042006}.Release|Any CPU.Build.0 = Release|Any CPU
		{E2D47365-00C4-4521-82AD-C1C96D042006}.Release|Any CPU.Deploy.0 = Release|Any CPU
		{E2D47365-00C4-4521-82AD-C1C96D042006}.Release|ARM.ActiveCfg = Release|ARM
		{E2D47365-00C4-4521-82AD-C1C96D042006}.Release|ARM.Build.0 = Release|ARM
		{E2D47365-00C4-4521-82AD-C1C96D042006}.Release|ARM.Deploy.0 = Release|ARM
		{E2D47365-00C4-4521-82AD-C1C96D042006}.Release|x64.ActiveCfg = Release|x64
		{E2D47365-00C4-4521-82AD-C1C96D042006}.Release|x64.Build.0 = Release|x64
		{E2D47365-00C4-4521-82AD-C1C96D042006}.Release|x64.Deploy.0 = Release|x64
		{E2D47365-00C4-4521-82AD-C1C96D042006}.Release|x86.ActiveCfg = Release|x86
		{E2D47365-00C4-4521-82AD-C1C96D042006}.Release|x86.Build.0 = Release|x86
		{E2D47365-00C4-4521-82AD-C1C96D042006}.Release|x86.Deploy.0 = Release|x86
		{5BD522CC-A226-4AD2-985A-215EC0883C49}.Debug|Any CPU.ActiveCfg = Debug|Any CPU
		{5BD522CC-A226-4AD2-985A-215EC0883C49}.Debug|Any CPU.Build.0 = Debug|Any CPU
		{5BD522CC-A226-4AD2-985A-215EC0883C49}.Debug|Any CPU.Deploy.0 = Debug|Any CPU
		{5BD522CC-A226-4AD2-985A-215EC0883C49}.Debug|ARM.ActiveCfg = Debug|ARM
		{5BD522CC-A226-4AD2-985A-215EC0883C49}.Debug|ARM.Build.0 = Debug|ARM
		{5BD522CC-A226-4AD2-985A-215EC0883C49}.Debug|ARM.Deploy.0 = Debug|ARM
		{5BD522CC-A226-4AD2-985A-215EC0883C49}.Debug|x64.ActiveCfg = Debug|Any CPU
		{5BD522CC-A226-4AD2-985A-215EC0883C49}.Debug|x86.ActiveCfg = Debug|x86
		{5BD522CC-A226-4AD2-985A-215EC0883C49}.Debug|x86.Build.0 = Debug|x86
		{5BD522CC-A226-4AD2-985A-215EC0883C49}.Debug|x86.Deploy.0 = Debug|x86
		{5BD522CC-A226-4AD2-985A-215EC0883C49}.Release|Any CPU.ActiveCfg = Release|Any CPU
		{5BD522CC-A226-4AD2-985A-215EC0883C49}.Release|Any CPU.Build.0 = Release|Any CPU
		{5BD522CC-A226-4AD2-985A-215EC0883C49}.Release|Any CPU.Deploy.0 = Release|Any CPU
		{5BD522CC-A226-4AD2-985A-215EC0883C49}.Release|ARM.ActiveCfg = Release|ARM
		{5BD522CC-A226-4AD2-985A-215EC0883C49}.Release|ARM.Build.0 = Release|ARM
		{5BD522CC-A226-4AD2-985A-215EC0883C49}.Release|ARM.Deploy.0 = Release|ARM
		{5BD522CC-A226-4AD2-985A-215EC0883C49}.Release|x64.ActiveCfg = Release|Any CPU
		{5BD522CC-A226-4AD2-985A-215EC0883C49}.Release|x86.ActiveCfg = Release|x86
		{5BD522CC-A226-4AD2-985A-215EC0883C49}.Release|x86.Build.0 = Release|x86
		{5BD522CC-A226-4AD2-985A-215EC0883C49}.Release|x86.Deploy.0 = Release|x86
	EndGlobalSection
	GlobalSection(SolutionProperties) = preSolution
		HideSolutionNode = FALSE
	EndGlobalSection
EndGlobal
